%{"bunt": {:hex, :bunt, "0.1.6", "5d95a6882f73f3b9969fdfd1953798046664e6f77ec4e486e6fafc7caad97c6f", [:mix], []},
  "credo": {:hex, :credo, "0.5.2", "92e8c9f86e0ffbf9f688595e9f4e936bc96a52e5606d2c19713e9e4d191d5c74", [:mix], [{:bunt, "~> 0.1.6", [hex: :bunt, optional: false]}]},
  "decimal": {:hex, :decimal, "1.2.0", "462960fd71af282e570f7b477f6be56bf8968e68277d4d0b641a635269bf4b0d", [:mix], []},
  "ecto": {:hex, :ecto, "2.0.5", "7f4c79ac41ffba1a4c032b69d7045489f0069c256de606523c65d9f8188e502d", [:mix], [{:db_connection, "~> 1.0-rc.4", [hex: :db_connection, optional: true]}, {:decimal, "~> 1.1.2 or ~> 1.2", [hex: :decimal, optional: false]}, {:mariaex, "~> 0.7.7", [hex: :mariaex, optional: true]}, {:poison, "~> 1.5 or ~> 2.0", [hex: :poison, optional: true]}, {:poolboy, "~> 1.5", [hex: :poolboy, optional: false]}, {:postgrex, "~> 0.12.0", [hex: :postgrex, optional: true]}, {:sbroker, "~> 1.0-beta", [hex: :sbroker, optional: true]}]},
  "mime": {:hex, :mime, "1.0.1", "05c393850524767d13a53627df71beeebb016205eb43bfbd92d14d24ec7a1b51", [:mix], []},
  "plug": {:hex, :plug, "1.2.2", "cfbda521b54c92ab8ddffb173fbaabed8d8fc94bec07cd9bb58a84c1c501b0bd", [:mix], [{:cowboy, "~> 1.0", [hex: :cowboy, optional: true]}, {:mime, "~> 1.0", [hex: :mime, optional: false]}]},
  "poolboy": {:hex, :poolboy, "1.5.1", "6b46163901cfd0a1b43d692657ed9d7e599853b3b21b95ae5ae0a777cf9b6ca8", [:rebar], []}}
